
Microsoft Visual Studio Solution File, Format Version 12.00
# Visual Studio Version 17
VisualStudioVersion = 17.1.32407.343
MinimumVisualStudioVersion = 10.0.40219.1
Project("{FAE04EC0-301F-11D3-BF4B-00C04F79EFBC}") = "Goodis", "Goodis\Goodis.csproj", "{CCC71162-A3BE-4E63-846B-523C0ADE250D}"
EndProject
Project("{FAE04EC0-301F-11D3-BF4B-00C04F79EFBC}") = "Infrastracture", "Infrastracture\Infrastracture.csproj", "{BCF87887-B794-4DE5-B234-4EF2A6D5F6E0}"
EndProject
Project("{FAE04EC0-301F-11D3-BF4B-00C04F79EFBC}") = "Models", "Models\Models.csproj", "{58924120-C8CE-42AB-BBCF-8470DCA95388}"
EndProject
Global
	GlobalSection(SolutionConfigurationPlatforms) = preSolution
		Debug|Any CPU = Debug|Any CPU
		Release|Any CPU = Release|Any CPU
	EndGlobalSection
	GlobalSection(ProjectConfigurationPlatforms) = postSolution
		{CCC71162-A3BE-4E63-846B-523C0ADE250D}.Debug|Any CPU.ActiveCfg = Debug|Any CPU
		{CCC71162-A3BE-4E63-846B-523C0ADE250D}.Debug|Any CPU.Build.0 = Debug|Any CPU
		{CCC71162-A3BE-4E63-846B-523C0ADE250D}.Release|Any CPU.ActiveCfg = Release|Any CPU
		{CCC71162-A3BE-4E63-846B-523C0ADE250D}.Release|Any CPU.Build.0 = Release|Any CPU
		{BCF87887-B794-4DE5-B234-4EF2A6D5F6E0}.Debug|Any CPU.ActiveCfg = Debug|Any CPU
		{BCF87887-B794-4DE5-B234-4EF2A6D5F6E0}.Debug|Any CPU.Build.0 = Debug|Any CPU
		{BCF87887-B794-4DE5-B234-4EF2A6D5F6E0}.Release|Any CPU.ActiveCfg = Release|Any CPU
		{BCF87887-B794-4DE5-B234-4EF2A6D5F6E0}.Release|Any CPU.Build.0 = Release|Any CPU
		{58924120-C8CE-42AB-BBCF-8470DCA95388}.Debug|Any CPU.ActiveCfg = Debug|Any CPU
		{58924120-C8CE-42AB-BBCF-8470DCA95388}.Debug|Any CPU.Build.0 = Debug|Any CPU
		{58924120-C8CE-42AB-BBCF-8470DCA95388}.Release|Any CPU.ActiveCfg = Release|Any CPU
		{58924120-C8CE-42AB-BBCF-8470DCA95388}.Release|Any CPU.Build.0 = Release|Any CPU
	EndGlobalSection
	GlobalSection(SolutionProperties) = preSolution
		HideSolutionNode = FALSE
	EndGlobalSection
	GlobalSection(ExtensibilityGlobals) = postSolution
		SolutionGuid = {5FB44019-3708-43B5-A59A-A36F8D295C2C}
	EndGlobalSection
EndGlobal
